
Microsoft Visual Studio Solution File, Format Version 12.00
# Visual Studio Version 16
VisualStudioVersion = 16.0.29215.179
MinimumVisualStudioVersion = 10.0.40219.1
Project("{FAE04EC0-301F-11D3-BF4B-00C04F79EFBC}") = "kalkulator_nadira", "kalkulator_nadira.csproj", "{87C9D152-166F-4B2F-B9BA-D58EB5CDF302}"
EndProject
Global
	GlobalSection(SolutionConfigurationPlatforms) = preSolution
		Debug|Any CPU = Debug|Any CPU
		Release|Any CPU = Release|Any CPU
	EndGlobalSection
	GlobalSection(ProjectConfigurationPlatforms) = postSolution
		{87C9D152-166F-4B2F-B9BA-D58EB5CDF302}.Debug|Any CPU.ActiveCfg = Debug|Any CPU
		{87C9D152-166F-4B2F-B9BA-D58EB5CDF302}.Debug|Any CPU.Build.0 = Debug|Any CPU
		{87C9D152-166F-4B2F-B9BA-D58EB5CDF302}.Release|Any CPU.ActiveCfg = Release|Any CPU
		{87C9D152-166F-4B2F-B9BA-D58EB5CDF302}.Release|Any CPU.Build.0 = Release|Any CPU
	EndGlobalSection
	GlobalSection(SolutionProperties) = preSolution
		HideSolutionNode = FALSE
	EndGlobalSection
	GlobalSection(ExtensibilityGlobals) = postSolution
		SolutionGuid = {7631AA7F-AF61-44A3-BEBD-8AEA21AA58A2}
	EndGlobalSection
EndGlobal
